
Microsoft Visual Studio Solution File, Format Version 12.00
# Visual Studio Version 17
VisualStudioVersion = 17.9.34728.123
MinimumVisualStudioVersion = 10.0.40219.1
Project("{FAE04EC0-301F-11D3-BF4B-00C04F79EFBC}") = "csharp-calcolatrice", "csharp-calcolatrice.csproj", "{FEAAB790-E4F6-4327-972B-8087A18817CF}"
EndProject
Global
	GlobalSection(SolutionConfigurationPlatforms) = preSolution
		Debug|Any CPU = Debug|Any CPU
		Release|Any CPU = Release|Any CPU
	EndGlobalSection
	GlobalSection(ProjectConfigurationPlatforms) = postSolution
		{FEAAB790-E4F6-4327-972B-8087A18817CF}.Debug|Any CPU.ActiveCfg = Debug|Any CPU
		{FEAAB790-E4F6-4327-972B-8087A18817CF}.Debug|Any CPU.Build.0 = Debug|Any CPU
		{FEAAB790-E4F6-4327-972B-8087A18817CF}.Release|Any CPU.ActiveCfg = Release|Any CPU
		{FEAAB790-E4F6-4327-972B-8087A18817CF}.Release|Any CPU.Build.0 = Release|Any CPU
	EndGlobalSection
	GlobalSection(SolutionProperties) = preSolution
		HideSolutionNode = FALSE
	EndGlobalSection
	GlobalSection(ExtensibilityGlobals) = postSolution
		SolutionGuid = {B81F0851-1EFB-48E4-A966-19D98F633036}
	EndGlobalSection
EndGlobal
